
Microsoft Visual Studio Solution File, Format Version 12.00
# Visual Studio Version 16
VisualStudioVersion = 16.0.31321.278
MinimumVisualStudioVersion = 10.0.40219.1
Project("{FAE04EC0-301F-11D3-BF4B-00C04F79EFBC}") = "CarritodeCompras", "CarritodeCompras\CarritodeCompras.csproj", "{5EC8AA45-6037-47E1-A53B-AA39D0AB3072}"
EndProject
Project("{FAE04EC0-301F-11D3-BF4B-00C04F79EFBC}") = "CapaDatos", "CapaDatos\CapaDatos.csproj", "{56350D53-535C-4EB9-89C8-EC8082831ACD}"
EndProject
Project("{FAE04EC0-301F-11D3-BF4B-00C04F79EFBC}") = "CapaNegocio", "CapaNegocio\CapaNegocio.csproj", "{544CDF02-3EDC-4007-B6D6-2643DBBF9935}"
EndProject
Project("{FAE04EC0-301F-11D3-BF4B-00C04F79EFBC}") = "Entidades", "Entidades\Entidades.csproj", "{459B4F4B-31BA-4DB2-ACD4-C700154E9BF1}"
EndProject
Project("{FAE04EC0-301F-11D3-BF4B-00C04F79EFBC}") = "Util", "Util\Util.csproj", "{BC923289-67B8-4516-A9F8-2B32985C94A3}"
EndProject
Project("{FAE04EC0-301F-11D3-BF4B-00C04F79EFBC}") = "BDConexion", "BDConexion\BDConexion.csproj", "{F85750B1-8555-461E-B2F2-FED40CD1D074}"
EndProject
Global
	GlobalSection(SolutionConfigurationPlatforms) = preSolution
		Debug|Any CPU = Debug|Any CPU
		Release|Any CPU = Release|Any CPU
	EndGlobalSection
	GlobalSection(ProjectConfigurationPlatforms) = postSolution
		{5EC8AA45-6037-47E1-A53B-AA39D0AB3072}.Debug|Any CPU.ActiveCfg = Debug|Any CPU
		{5EC8AA45-6037-47E1-A53B-AA39D0AB3072}.Debug|Any CPU.Build.0 = Debug|Any CPU
		{5EC8AA45-6037-47E1-A53B-AA39D0AB3072}.Release|Any CPU.ActiveCfg = Release|Any CPU
		{5EC8AA45-6037-47E1-A53B-AA39D0AB3072}.Release|Any CPU.Build.0 = Release|Any CPU
		{56350D53-535C-4EB9-89C8-EC8082831ACD}.Debug|Any CPU.ActiveCfg = Debug|Any CPU
		{56350D53-535C-4EB9-89C8-EC8082831ACD}.Debug|Any CPU.Build.0 = Debug|Any CPU
		{56350D53-535C-4EB9-89C8-EC8082831ACD}.Release|Any CPU.ActiveCfg = Release|Any CPU
		{56350D53-535C-4EB9-89C8-EC8082831ACD}.Release|Any CPU.Build.0 = Release|Any CPU
		{544CDF02-3EDC-4007-B6D6-2643DBBF9935}.Debug|Any CPU.ActiveCfg = Debug|Any CPU
		{544CDF02-3EDC-4007-B6D6-2643DBBF9935}.Debug|Any CPU.Build.0 = Debug|Any CPU
		{544CDF02-3EDC-4007-B6D6-2643DBBF9935}.Release|Any CPU.ActiveCfg = Release|Any CPU
		{544CDF02-3EDC-4007-B6D6-2643DBBF9935}.Release|Any CPU.Build.0 = Release|Any CPU
		{459B4F4B-31BA-4DB2-ACD4-C700154E9BF1}.Debug|Any CPU.ActiveCfg = Debug|Any CPU
		{459B4F4B-31BA-4DB2-ACD4-C700154E9BF1}.Debug|Any CPU.Build.0 = Debug|Any CPU
		{459B4F4B-31BA-4DB2-ACD4-C700154E9BF1}.Release|Any CPU.ActiveCfg = Release|Any CPU
		{459B4F4B-31BA-4DB2-ACD4-C700154E9BF1}.Release|Any CPU.Build.0 = Release|Any CPU
		{BC923289-67B8-4516-A9F8-2B32985C94A3}.Debug|Any CPU.ActiveCfg = Debug|Any CPU
		{BC923289-67B8-4516-A9F8-2B32985C94A3}.Debug|Any CPU.Build.0 = Debug|Any CPU
		{BC923289-67B8-4516-A9F8-2B32985C94A3}.Release|Any CPU.ActiveCfg = Release|Any CPU
		{BC923289-67B8-4516-A9F8-2B32985C94A3}.Release|Any CPU.Build.0 = Release|Any CPU
		{F85750B1-8555-461E-B2F2-FED40CD1D074}.Debug|Any CPU.ActiveCfg = Debug|Any CPU
		{F85750B1-8555-461E-B2F2-FED40CD1D074}.Debug|Any CPU.Build.0 = Debug|Any CPU
		{F85750B1-8555-461E-B2F2-FED40CD1D074}.Release|Any CPU.ActiveCfg = Release|Any CPU
		{F85750B1-8555-461E-B2F2-FED40CD1D074}.Release|Any CPU.Build.0 = Release|Any CPU
	EndGlobalSection
	GlobalSection(SolutionProperties) = preSolution
		HideSolutionNode = FALSE
	EndGlobalSection
	GlobalSection(ExtensibilityGlobals) = postSolution
		SolutionGuid = {AFBB32ED-376C-4CDA-A77B-045CA91EA8D7}
	EndGlobalSection
EndGlobal
